{
  "lockfileVersion": 2,
  "configVersion": 1,
  "workspaces": {
    "": {
      "name": "social-translator",
      "devDependencies": {
        "@types/bun": "1.3.10",
        "chrome-types": "0.1.447",
        "typescript": "5.9.3",
      },
    },
  },
  "packages": {
    "@types/bun": ["@types/bun@1.3.10", "", { "dependencies": { "bun-types": "1.3.10" } }, "sha512-0+rlrUrOrTSskibryHbvQkDOWRJwJZqZlxrUs1u4oOoTln8+WIXBPmAuCF35SWB2z4Zl3E84Nl/D0P7803nigQ=="],

    "@types/node": ["@types/node@22.20.3", "", { "dependencies": { "undici-types": "~6.21.0" } }, "sha512-DZmzkmwHzXrLPAXPyKNDzlIwMMUZCVacoD25ywdy5YTKGbOx/2ld+Q38Im2zJ0vBuZP5Prd3VZutKZyXwkOS8A=="],

    "bun-types": ["bun-types@1.3.10", "", { "dependencies": { "@types/node": "*" } }, "sha512-tcpfCCl6XWo6nCVnpcVrxQ+9AYN1iqMIzgrSKYMB/fjLtV2eyAVEg7AxQJuCq/26R6HpKWykQXuSOq/21RYcbg=="],

    "chrome-types": ["chrome-types@0.1.447", "", {}, "sha512-vnLekNSOKI2iah8spVZ+8TfYzg+I1YvANug3nAmQlMe32gzQXMPYZ0tUWldj8IyUanKN3nkf8BSxQSWQPkZDDg=="],

    "typescript": ["typescript@5.9.3", "", { "bin": { "tsc": "bin/tsc", "tsserver": "bin/tsserver" } }, "sha512-jl1vZzPDinLr9eUt3J/t7V6FgNEw9QjvBPdysz9KfQDD41fQrC2Y4vKQdiaUpFT4bXlb1RHhLpp8wtm6M5TgSw=="],

    "undici-types": ["undici-types@6.21.0", "", {}, "sha512-iwDZqg0QAGrg9Rav5H4n0M64c3mkR59cJ6wQp+7C4nI0gsmExaedaYLNO44eT4AtBBwjbTiGPMlt2Md0T9H9JQ=="],
  }
}
